
Microsoft Visual Studio Solution File, Format Version 12.00
# Visual Studio Version 16
VisualStudioVersion = 16.0.29411.108
MinimumVisualStudioVersion = 10.0.40219.1
Project("{FAE04EC0-301F-11D3-BF4B-00C04F79EFBC}") = "TournamentManager", "TournamentManager\TournamentManager.csproj", "{010CEE3D-B1FC-4F7A-9E29-9BD30A13FE72}"
EndProject
Project("{FAE04EC0-301F-11D3-BF4B-00C04F79EFBC}") = "TournamentManagerTests", "TournamentManagerTests\TournamentManagerTests.csproj", "{43C37AE2-D859-4CA0-B8D4-277C2ED0FC23}"
EndProject
Global
	GlobalSection(SolutionConfigurationPlatforms) = preSolution
		Debug|Any CPU = Debug|Any CPU
		Release|Any CPU = Release|Any CPU
	EndGlobalSection
	GlobalSection(ProjectConfigurationPlatforms) = postSolution
		{010CEE3D-B1FC-4F7A-9E29-9BD30A13FE72}.Debug|Any CPU.ActiveCfg = Debug|Any CPU
		{010CEE3D-B1FC-4F7A-9E29-9BD30A13FE72}.Debug|Any CPU.Build.0 = Debug|Any CPU
		{010CEE3D-B1FC-4F7A-9E29-9BD30A13FE72}.Release|Any CPU.ActiveCfg = Release|Any CPU
		{010CEE3D-B1FC-4F7A-9E29-9BD30A13FE72}.Release|Any CPU.Build.0 = Release|Any CPU
		{43C37AE2-D859-4CA0-B8D4-277C2ED0FC23}.Debug|Any CPU.ActiveCfg = Debug|Any CPU
		{43C37AE2-D859-4CA0-B8D4-277C2ED0FC23}.Debug|Any CPU.Build.0 = Debug|Any CPU
		{43C37AE2-D859-4CA0-B8D4-277C2ED0FC23}.Release|Any CPU.ActiveCfg = Release|Any CPU
		{43C37AE2-D859-4CA0-B8D4-277C2ED0FC23}.Release|Any CPU.Build.0 = Release|Any CPU
	EndGlobalSection
	GlobalSection(SolutionProperties) = preSolution
		HideSolutionNode = FALSE
	EndGlobalSection
	GlobalSection(ExtensibilityGlobals) = postSolution
		SolutionGuid = {35DA523D-D8F9-4767-98CC-977828541B63}
	EndGlobalSection
EndGlobal
